
Microsoft Visual Studio Solution File, Format Version 12.00
# Visual Studio Version 16
VisualStudioVersion = 16.0.29609.76
MinimumVisualStudioVersion = 10.0.40219.1
Project("{9A19103F-16F7-4668-BE54-9A1E7A4F7556}") = "BlazorApp6", "BlazorApp6\BlazorApp6.csproj", "{BA3E1DED-923D-45CB-BD0F-A2C6FFD383EF}"
EndProject
Project("{E53339B2-1760-4266-BCC7-CA923CBCF16C}") = "docker-compose", "docker-compose.dcproj", "{452BC319-B21F-41E7-B171-84AB888F5089}"
EndProject
Global
	GlobalSection(SolutionConfigurationPlatforms) = preSolution
		Debug|Any CPU = Debug|Any CPU
		Release|Any CPU = Release|Any CPU
	EndGlobalSection
	GlobalSection(ProjectConfigurationPlatforms) = postSolution
		{BA3E1DED-923D-45CB-BD0F-A2C6FFD383EF}.Debug|Any CPU.ActiveCfg = Debug|Any CPU
		{BA3E1DED-923D-45CB-BD0F-A2C6FFD383EF}.Debug|Any CPU.Build.0 = Debug|Any CPU
		{BA3E1DED-923D-45CB-BD0F-A2C6FFD383EF}.Release|Any CPU.ActiveCfg = Release|Any CPU
		{BA3E1DED-923D-45CB-BD0F-A2C6FFD383EF}.Release|Any CPU.Build.0 = Release|Any CPU
		{452BC319-B21F-41E7-B171-84AB888F5089}.Debug|Any CPU.ActiveCfg = Debug|Any CPU
		{452BC319-B21F-41E7-B171-84AB888F5089}.Debug|Any CPU.Build.0 = Debug|Any CPU
		{452BC319-B21F-41E7-B171-84AB888F5089}.Release|Any CPU.ActiveCfg = Release|Any CPU
		{452BC319-B21F-41E7-B171-84AB888F5089}.Release|Any CPU.Build.0 = Release|Any CPU
	EndGlobalSection
	GlobalSection(SolutionProperties) = preSolution
		HideSolutionNode = FALSE
	EndGlobalSection
	GlobalSection(ExtensibilityGlobals) = postSolution
		SolutionGuid = {B40FF1A2-E5B0-48BE-ABC6-A426BCD91DEB}
	EndGlobalSection
EndGlobal
